
Microsoft Visual Studio Solution File, Format Version 12.00
# Visual Studio Version 16
VisualStudioVersion = 16.0.29613.14
MinimumVisualStudioVersion = 10.0.40219.1
Project("{8BC9CEB8-8B4A-11D0-8D11-00A0C91BC942}") = "Engine", "Engine\Engine.vcxproj", "{1F3D9FEE-1D57-411A-B825-E3BAA31D39B5}"
EndProject
Project("{8BC9CEB8-8B4A-11D0-8D11-00A0C91BC942}") = "MonsterChase", "MonsterChase\MonsterChase.vcxproj", "{FAB3B93A-4A8B-48A7-AAF3-DB897BF1CE0D}"
	ProjectSection(ProjectDependencies) = postProject
		{1F3D9FEE-1D57-411A-B825-E3BAA31D39B5} = {1F3D9FEE-1D57-411A-B825-E3BAA31D39B5}
	EndProjectSection
EndProject
Global
	GlobalSection(SolutionConfigurationPlatforms) = preSolution
		Debug|x64 = Debug|x64
		Debug|x86 = Debug|x86
		Release|x64 = Release|x64
		Release|x86 = Release|x86
	EndGlobalSection
	GlobalSection(ProjectConfigurationPlatforms) = postSolution
		{1F3D9FEE-1D57-411A-B825-E3BAA31D39B5}.Debug|x64.ActiveCfg = Debug|x64
		{1F3D9FEE-1D57-411A-B825-E3BAA31D39B5}.Debug|x64.Build.0 = Debug|x64
		{1F3D9FEE-1D57-411A-B825-E3BAA31D39B5}.Debug|x86.ActiveCfg = Debug|Win32
		{1F3D9FEE-1D57-411A-B825-E3BAA31D39B5}.Debug|x86.Build.0 = Debug|Win32
		{1F3D9FEE-1D57-411A-B825-E3BAA31D39B5}.Release|x64.ActiveCfg = Release|x64
		{1F3D9FEE-1D57-411A-B825-E3BAA31D39B5}.Release|x64.Build.0 = Release|x64
		{1F3D9FEE-1D57-411A-B825-E3BAA31D39B5}.Release|x86.ActiveCfg = Release|Win32
		{1F3D9FEE-1D57-411A-B825-E3BAA31D39B5}.Release|x86.Build.0 = Release|Win32
		{FAB3B93A-4A8B-48A7-AAF3-DB897BF1CE0D}.Debug|x64.ActiveCfg = Debug|x64
		{FAB3B93A-4A8B-48A7-AAF3-DB897BF1CE0D}.Debug|x64.Build.0 = Debug|x64
		{FAB3B93A-4A8B-48A7-AAF3-DB897BF1CE0D}.Debug|x86.ActiveCfg = Debug|Win32
		{FAB3B93A-4A8B-48A7-AAF3-DB897BF1CE0D}.Debug|x86.Build.0 = Debug|Win32
		{FAB3B93A-4A8B-48A7-AAF3-DB897BF1CE0D}.Release|x64.ActiveCfg = Release|x64
		{FAB3B93A-4A8B-48A7-AAF3-DB897BF1CE0D}.Release|x64.Build.0 = Release|x64
		{FAB3B93A-4A8B-48A7-AAF3-DB897BF1CE0D}.Release|x86.ActiveCfg = Release|Win32
		{FAB3B93A-4A8B-48A7-AAF3-DB897BF1CE0D}.Release|x86.Build.0 = Release|Win32
	EndGlobalSection
	GlobalSection(SolutionProperties) = preSolution
		HideSolutionNode = FALSE
	EndGlobalSection
	GlobalSection(ExtensibilityGlobals) = postSolution
		SolutionGuid = {B5FCBDD8-6486-406C-95D4-B1055955730E}
	EndGlobalSection
EndGlobal
